// !$*UTF8*$!
{
	archiveVersion = 1;
	classes = {
	};
	objectVersion = 46;
	objects = {

/* Begin PBXBuildFile section */
		27BB816318E213E800FF29A1 /* Foundation.framework in Frameworks */ = {isa = PBXBuildFile; fileRef = 27BB816218E213E800FF29A1 /* Foundation.framework */; };
		27BB816518E213E800FF29A1 /* CoreGraphics.framework in Frameworks */ = {isa = PBXBuildFile; fileRef = 27BB816418E213E800FF29A1 /* CoreGraphics.framework */; };
		27BB816718E213E800FF29A1 /* UIKit.framework in Frameworks */ = {isa = PBXBuildFile; fileRef = 27BB816618E213E800FF29A1 /* UIKit.framework */; };
		27BB816D18E213E800FF29A1 /* InfoPlist.strings in Resources */ = {isa = PBXBuildFile; fileRef = 27BB816B18E213E800FF29A1 /* InfoPlist.strings */; };
		27BB816F18E213E800FF29A1 /* main.m in Sources */ = {isa = PBXBuildFile; fileRef = 27BB816E18E213E800FF29A1 /* main.m */; };
		27BB817318E213E800FF29A1 /* AppDelegate.m in Sources */ = {isa = PBXBuildFile; fileRef = 27BB817218E213E800FF29A1 /* AppDelegate.m */; };
		27BB817618E213E800FF29A1 /* Main_iPhone.storyboard in Resources */ = {isa = PBXBuildFile; fileRef = 27BB817418E213E800FF29A1 /* Main_iPhone.storyboard */; };
		27BB817918E213E800FF29A1 /* Main_iPad.storyboard in Resources */ = {isa = PBXBuildFile; fileRef = 27BB817718E213E800FF29A1 /* Main_iPad.storyboard */; };
		27BB817C18E213E800FF29A1 /* ViewController.m in Sources */ = {isa = PBXBuildFile; fileRef = 27BB817B18E213E800FF29A1 /* ViewController.m */; };
		27BB817E18E213E800FF29A1 /* Images.xcassets in Resources */ = {isa = PBXBuildFile; fileRef = 27BB817D18E213E800FF29A1 /* Images.xcassets */; };
		27BB818518E213E800FF29A1 /* XCTest.framework in Frameworks */ = {isa = PBXBuildFile; fileRef = 27BB818418E213E800FF29A1 /* XCTest.framework */; };
		27BB818618E213E800FF29A1 /* Foundation.framework in Frameworks */ = {isa = PBXBuildFile; fileRef = 27BB816218E213E800FF29A1 /* Foundation.framework */; };
		27BB818718E213E800FF29A1 /* UIKit.framework in Frameworks */ = {isa = PBXBuildFile; fileRef = 27BB816618E213E800FF29A1 /* UIKit.framework */; };
		27BB818F18E213E900FF29A1 /* InfoPlist.strings in Resources */ = {isa = PBXBuildFile; fileRef = 27BB818D18E213E900FF29A1 /* InfoPlist.strings */; };
		27BB819118E213E900FF29A1 /* InspectorExampleTests.m in Sources */ = {isa = PBXBuildFile; fileRef = 27BB819018E213E900FF29A1 /* InspectorExampleTests.m */; };
		27BB81A318E2140E00FF29A1 /* NSData+SPY.m in Sources */ = {isa = PBXBuildFile; fileRef = 27BB819C18E2140E00FF29A1 /* NSData+SPY.m */; };
		27BB81A418E2140E00FF29A1 /* NSObject+SPY.m in Sources */ = {isa = PBXBuildFile; fileRef = 27BB819E18E2140E00FF29A1 /* NSObject+SPY.m */; settings = {COMPILER_FLAGS = "-fno-objc-arc"; }; };
		27BB81A518E2140E00FF29A1 /* NSURLConnection+SPY.m in Sources */ = {isa = PBXBuildFile; fileRef = 27BB81A018E2140E00FF29A1 /* NSURLConnection+SPY.m */; };
		27BB81A618E2140E00FF29A1 /* UIView+SPY.m in Sources */ = {isa = PBXBuildFile; fileRef = 27BB81A218E2140E00FF29A1 /* UIView+SPY.m */; };
/* End PBXBuildFile section */

/* Begin PBXContainerItemProxy section */
		27BB818818E213E800FF29A1 /* PBXContainerItemProxy */ = {
			isa = PBXContainerItemProxy;
			containerPortal = 27BB815718E213E800FF29A1 /* Project object */;
			proxyType = 1;
			remoteGlobalIDString = 27BB815E18E213E800FF29A1;
			remoteInfo = InspectorExample;
		};
/* End PBXContainerItemProxy section */

/* Begin PBXFileReference section */
		27BB815F18E213E800FF29A1 /* InspectorExample.app */ = {isa = PBXFileReference; explicitFileType = wrapper.application; includeInIndex = 0; path = InspectorExample.app; sourceTree = BUILT_PRODUCTS_DIR; };
		27BB816218E213E800FF29A1 /* Foundation.framework */ = {isa = PBXFileReference; lastKnownFileType = wrapper.framework; name = Foundation.framework; path = System/Library/Frameworks/Foundation.framework; sourceTree = SDKROOT; };
		27BB816418E213E800FF29A1 /* CoreGraphics.framework */ = {isa = PBXFileReference; lastKnownFileType = wrapper.framework; name = CoreGraphics.framework; path = System/Library/Frameworks/CoreGraphics.framework; sourceTree = SDKROOT; };
		27BB816618E213E800FF29A1 /* UIKit.framework */ = {isa = PBXFileReference; lastKnownFileType = wrapper.framework; name = UIKit.framework; path = System/Library/Frameworks/UIKit.framework; sourceTree = SDKROOT; };
		27BB816A18E213E800FF29A1 /* InspectorExample-Info.plist */ = {isa = PBXFileReference; lastKnownFileType = text.plist.xml; path = "InspectorExample-Info.plist"; sourceTree = "<group>"; };
		27BB816C18E213E800FF29A1 /* en */ = {isa = PBXFileReference; lastKnownFileType = text.plist.strings; name = en; path = en.lproj/InfoPlist.strings; sourceTree = "<group>"; };
		27BB816E18E213E800FF29A1 /* main.m */ = {isa = PBXFileReference; lastKnownFileType = sourcecode.c.objc; path = main.m; sourceTree = "<group>"; };
		27BB817018E213E800FF29A1 /* InspectorExample-Prefix.pch */ = {isa = PBXFileReference; lastKnownFileType = sourcecode.c.h; path = "InspectorExample-Prefix.pch"; sourceTree = "<group>"; };
		27BB817118E213E800FF29A1 /* AppDelegate.h */ = {isa = PBXFileReference; lastKnownFileType = sourcecode.c.h; path = AppDelegate.h; sourceTree = "<group>"; };
		27BB817218E213E800FF29A1 /* AppDelegate.m */ = {isa = PBXFileReference; lastKnownFileType = sourcecode.c.objc; path = AppDelegate.m; sourceTree = "<group>"; };
		27BB817518E213E800FF29A1 /* Base */ = {isa = PBXFileReference; lastKnownFileType = file.storyboard; name = Base; path = Base.lproj/Main_iPhone.storyboard; sourceTree = "<group>"; };
		27BB817818E213E800FF29A1 /* Base */ = {isa = PBXFileReference; lastKnownFileType = file.storyboard; name = Base; path = Base.lproj/Main_iPad.storyboard; sourceTree = "<group>"; };
		27BB817A18E213E800FF29A1 /* ViewController.h */ = {isa = PBXFileReference; lastKnownFileType = sourcecode.c.h; path = ViewController.h; sourceTree = "<group>"; };
		27BB817B18E213E800FF29A1 /* ViewController.m */ = {isa = PBXFileReference; lastKnownFileType = sourcecode.c.objc; path = ViewController.m; sourceTree = "<group>"; };
		27BB817D18E213E800FF29A1 /* Images.xcassets */ = {isa = PBXFileReference; lastKnownFileType = folder.assetcatalog; path = Images.xcassets; sourceTree = "<group>"; };
		27BB818318E213E800FF29A1 /* InspectorExampleTests.xctest */ = {isa = PBXFileReference; explicitFileType = wrapper.cfbundle; includeInIndex = 0; path = InspectorExampleTests.xctest; sourceTree = BUILT_PRODUCTS_DIR; };
		27BB818418E213E800FF29A1 /* XCTest.framework */ = {isa = PBXFileReference; lastKnownFileType = wrapper.framework; name = XCTest.framework; path = Library/Frameworks/XCTest.framework; sourceTree = DEVELOPER_DIR; };
		27BB818C18E213E900FF29A1 /* InspectorExampleTests-Info.plist */ = {isa = PBXFileReference; lastKnownFileType = text.plist.xml; path = "InspectorExampleTests-Info.plist"; sourceTree = "<group>"; };
		27BB818E18E213E900FF29A1 /* en */ = {isa = PBXFileReference; lastKnownFileType = text.plist.strings; name = en; path = en.lproj/InfoPlist.strings; sourceTree = "<group>"; };
		27BB819018E213E900FF29A1 /* InspectorExampleTests.m */ = {isa = PBXFileReference; lastKnownFileType = sourcecode.c.objc; path = InspectorExampleTests.m; sourceTree = "<group>"; };
		27BB819B18E2140E00FF29A1 /* NSData+SPY.h */ = {isa = PBXFileReference; fileEncoding = 4; lastKnownFileType = sourcecode.c.h; path = "NSData+SPY.h"; sourceTree = "<group>"; };
		27BB819C18E2140E00FF29A1 /* NSData+SPY.m */ = {isa = PBXFileReference; fileEncoding = 4; lastKnownFileType = sourcecode.c.objc; path = "NSData+SPY.m"; sourceTree = "<group>"; };
		27BB819D18E2140E00FF29A1 /* NSObject+SPY.h */ = {isa = PBXFileReference; fileEncoding = 4; lastKnownFileType = sourcecode.c.h; path = "NSObject+SPY.h"; sourceTree = "<group>"; };
		27BB819E18E2140E00FF29A1 /* NSObject+SPY.m */ = {isa = PBXFileReference; fileEncoding = 4; lastKnownFileType = sourcecode.c.objc; path = "NSObject+SPY.m"; sourceTree = "<group>"; };
		27BB819F18E2140E00FF29A1 /* NSURLConnection+SPY.h */ = {isa = PBXFileReference; fileEncoding = 4; lastKnownFileType = sourcecode.c.h; path = "NSURLConnection+SPY.h"; sourceTree = "<group>"; };
		27BB81A018E2140E00FF29A1 /* NSURLConnection+SPY.m */ = {isa = PBXFileReference; fileEncoding = 4; lastKnownFileType = sourcecode.c.objc; path = "NSURLConnection+SPY.m"; sourceTree = "<group>"; };
		27BB81A118E2140E00FF29A1 /* UIView+SPY.h */ = {isa = PBXFileReference; fileEncoding = 4; lastKnownFileType = sourcecode.c.h; path = "UIView+SPY.h"; sourceTree = "<group>"; };
		27BB81A218E2140E00FF29A1 /* UIView+SPY.m */ = {isa = PBXFileReference; fileEncoding = 4; lastKnownFileType = sourcecode.c.objc; path = "UIView+SPY.m"; sourceTree = "<group>"; };
/* End PBXFileReference section */

/* Begin PBXFrameworksBuildPhase section */
		27BB815C18E213E800FF29A1 /* Frameworks */ = {
			isa = PBXFrameworksBuildPhase;
			buildActionMask = 2147483647;
			files = (
				27BB816518E213E800FF29A1 /* CoreGraphics.framework in Frameworks */,
				27BB816718E213E800FF29A1 /* UIKit.framework in Frameworks */,
				27BB816318E213E800FF29A1 /* Foundation.framework in Frameworks */,
			);
			runOnlyForDeploymentPostprocessing = 0;
		};
		27BB818018E213E800FF29A1 /* Frameworks */ = {
			isa = PBXFrameworksBuildPhase;
			buildActionMask = 2147483647;
			files = (
				27BB818518E213E800FF29A1 /* XCTest.framework in Frameworks */,
				27BB818718E213E800FF29A1 /* UIKit.framework in Frameworks */,
				27BB818618E213E800FF29A1 /* Foundation.framework in Frameworks */,
			);
			runOnlyForDeploymentPostprocessing = 0;
		};
/* End PBXFrameworksBuildPhase section */

/* Begin PBXGroup section */
		27BB815618E213E800FF29A1 = {
			isa = PBXGroup;
			children = (
				27BB819A18E2140E00FF29A1 /* InspectorClasses */,
				27BB816818E213E800FF29A1 /* InspectorExample */,
				27BB818A18E213E900FF29A1 /* InspectorExampleTests */,
				27BB816118E213E800FF29A1 /* Frameworks */,
				27BB816018E213E800FF29A1 /* Products */,
			);
			sourceTree = "<group>";
		};
		27BB816018E213E800FF29A1 /* Products */ = {
			isa = PBXGroup;
			children = (
				27BB815F18E213E800FF29A1 /* InspectorExample.app */,
				27BB818318E213E800FF29A1 /* InspectorExampleTests.xctest */,
			);
			name = Products;
			sourceTree = "<group>";
		};
		27BB816118E213E800FF29A1 /* Frameworks */ = {
			isa = PBXGroup;
			children = (
				27BB816218E213E800FF29A1 /* Foundation.framework */,
				27BB816418E213E800FF29A1 /* CoreGraphics.framework */,
				27BB816618E213E800FF29A1 /* UIKit.framework */,
				27BB818418E213E800FF29A1 /* XCTest.framework */,
			);
			name = Frameworks;
			sourceTree = "<group>";
		};
		27BB816818E213E800FF29A1 /* InspectorExample */ = {
			isa = PBXGroup;
			children = (
				27BB817118E213E800FF29A1 /* AppDelegate.h */,
				27BB817218E213E800FF29A1 /* AppDelegate.m */,
				27BB817418E213E800FF29A1 /* Main_iPhone.storyboard */,
				27BB817718E213E800FF29A1 /* Main_iPad.storyboard */,
				27BB817A18E213E800FF29A1 /* ViewController.h */,
				27BB817B18E213E800FF29A1 /* ViewController.m */,
				27BB817D18E213E800FF29A1 /* Images.xcassets */,
				27BB816918E213E800FF29A1 /* Supporting Files */,
			);
			path = InspectorExample;
			sourceTree = "<group>";
		};
		27BB816918E213E800FF29A1 /* Supporting Files */ = {
			isa = PBXGroup;
			children = (
				27BB816A18E213E800FF29A1 /* InspectorExample-Info.plist */,
				27BB816B18E213E800FF29A1 /* InfoPlist.strings */,
				27BB816E18E213E800FF29A1 /* main.m */,
				27BB817018E213E800FF29A1 /* InspectorExample-Prefix.pch */,
			);
			name = "Supporting Files";
			sourceTree = "<group>";
		};
		27BB818A18E213E900FF29A1 /* InspectorExampleTests */ = {
			isa = PBXGroup;
			children = (
				27BB819018E213E900FF29A1 /* InspectorExampleTests.m */,
				27BB818B18E213E900FF29A1 /* Supporting Files */,
			);
			path = InspectorExampleTests;
			sourceTree = "<group>";
		};
		27BB818B18E213E900FF29A1 /* Supporting Files */ = {
			isa = PBXGroup;
			children = (
				27BB818C18E213E900FF29A1 /* InspectorExampleTests-Info.plist */,
				27BB818D18E213E900FF29A1 /* InfoPlist.strings */,
			);
			name = "Supporting Files";
			sourceTree = "<group>";
		};
		27BB819A18E2140E00FF29A1 /* InspectorClasses */ = {
			isa = PBXGroup;
			children = (
				27BB819B18E2140E00FF29A1 /* NSData+SPY.h */,
				27BB819C18E2140E00FF29A1 /* NSData+SPY.m */,
				27BB819D18E2140E00FF29A1 /* NSObject+SPY.h */,
				27BB819E18E2140E00FF29A1 /* NSObject+SPY.m */,
				27BB819F18E2140E00FF29A1 /* NSURLConnection+SPY.h */,
				27BB81A018E2140E00FF29A1 /* NSURLConnection+SPY.m */,
				27BB81A118E2140E00FF29A1 /* UIView+SPY.h */,
				27BB81A218E2140E00FF29A1 /* UIView+SPY.m */,
			);
			name = InspectorClasses;
			path = ../../Classes;
			sourceTree = "<group>";
		};
/* End PBXGroup section */

/* Begin PBXNativeTarget section */
		27BB815E18E213E800FF29A1 /* InspectorExample */ = {
			isa = PBXNativeTarget;
			buildConfigurationList = 27BB819418E213E900FF29A1 /* Build configuration list for PBXNativeTarget "InspectorExample" */;
			buildPhases = (
				27BB815B18E213E800FF29A1 /* Sources */,
				27BB815C18E213E800FF29A1 /* Frameworks */,
				27BB815D18E213E800FF29A1 /* Resources */,
			);
			buildRules = (
			);
			dependencies = (
			);
			name = InspectorExample;
			productName = InspectorExample;
			productReference = 27BB815F18E213E800FF29A1 /* InspectorExample.app */;
			productType = "com.apple.product-type.application";
		};
		27BB818218E213E800FF29A1 /* InspectorExampleTests */ = {
			isa = PBXNativeTarget;
			buildConfigurationList = 27BB819718E213E900FF29A1 /* Build configuration list for PBXNativeTarget "InspectorExampleTests" */;
			buildPhases = (
				27BB817F18E213E800FF29A1 /* Sources */,
				27BB818018E213E800FF29A1 /* Frameworks */,
				27BB818118E213E800FF29A1 /* Resources */,
			);
			buildRules = (
			);
			dependencies = (
				27BB818918E213E800FF29A1 /* PBXTargetDependency */,
			);
			name = InspectorExampleTests;
			productName = InspectorExampleTests;
			productReference = 27BB818318E213E800FF29A1 /* InspectorExampleTests.xctest */;
			productType = "com.apple.product-type.bundle.unit-test";
		};
/* End PBXNativeTarget section */

/* Begin PBXProject section */
		27BB815718E213E800FF29A1 /* Project object */ = {
			isa = PBXProject;
			attributes = {
				LastUpgradeCheck = 0510;
				ORGANIZATIONNAME = "Xiaochen Du";
				TargetAttributes = {
					27BB818218E213E800FF29A1 = {
						TestTargetID = 27BB815E18E213E800FF29A1;
					};
				};
			};
			buildConfigurationList = 27BB815A18E213E800FF29A1 /* Build configuration list for PBXProject "InspectorExample" */;
			compatibilityVersion = "Xcode 3.2";
			developmentRegion = English;
			hasScannedForEncodings = 0;
			knownRegions = (
				en,
				Base,
			);
			mainGroup = 27BB815618E213E800FF29A1;
			productRefGroup = 27BB816018E213E800FF29A1 /* Products */;
			projectDirPath = "";
			projectRoot = "";
			targets = (
				27BB815E18E213E800FF29A1 /* InspectorExample */,
				27BB818218E213E800FF29A1 /* InspectorExampleTests */,
			);
		};
/* End PBXProject section */

/* Begin PBXResourcesBuildPhase section */
		27BB815D18E213E800FF29A1 /* Resources */ = {
			isa = PBXResourcesBuildPhase;
			buildActionMask = 2147483647;
			files = (
				27BB817918E213E800FF29A1 /* Main_iPad.storyboard in Resources */,
				27BB817E18E213E800FF29A1 /* Images.xcassets in Resources */,
				27BB817618E213E800FF29A1 /* Main_iPhone.storyboard in Resources */,
				27BB816D18E213E800FF29A1 /* InfoPlist.strings in Resources */,
			);
			runOnlyForDeploymentPostprocessing = 0;
		};
		27BB818118E213E800FF29A1 /* Resources */ = {
			isa = PBXResourcesBuildPhase;
			buildActionMask = 2147483647;
			files = (
				27BB818F18E213E900FF29A1 /* InfoPlist.strings in Resources */,
			);
			runOnlyForDeploymentPostprocessing = 0;
		};
/* End PBXResourcesBuildPhase section */

/* Begin PBXSourcesBuildPhase section */
		27BB815B18E213E800FF29A1 /* Sources */ = {
			isa = PBXSourcesBuildPhase;
			buildActionMask = 2147483647;
			files = (
				27BB817C18E213E800FF29A1 /* ViewController.m in Sources */,
				27BB81A618E2140E00FF29A1 /* UIView+SPY.m in Sources */,
				27BB81A318E2140E00FF29A1 /* NSData+SPY.m in Sources */,
				27BB81A418E2140E00FF29A1 /* NSObject+SPY.m in Sources */,
				27BB81A518E2140E00FF29A1 /* NSURLConnection+SPY.m in Sources */,
				27BB817318E213E800FF29A1 /* AppDelegate.m in Sources */,
				27BB816F18E213E800FF29A1 /* main.m in Sources */,
			);
			runOnlyForDeploymentPostprocessing = 0;
		};
		27BB817F18E213E800FF29A1 /* Sources */ = {
			isa = PBXSourcesBuildPhase;
			buildActionMask = 2147483647;
			files = (
				27BB819118E213E900FF29A1 /* InspectorExampleTests.m in Sources */,
			);
			runOnlyForDeploymentPostprocessing = 0;
		};
/* End PBXSourcesBuildPhase section */

/* Begin PBXTargetDependency section */
		27BB818918E213E800FF29A1 /* PBXTargetDependency */ = {
			isa = PBXTargetDependency;
			target = 27BB815E18E213E800FF29A1 /* InspectorExample */;
			targetProxy = 27BB818818E213E800FF29A1 /* PBXContainerItemProxy */;
		};
/* End PBXTargetDependency section */

/* Begin PBXVariantGroup section */
		27BB816B18E213E800FF29A1 /* InfoPlist.strings */ = {
			isa = PBXVariantGroup;
			children = (
				27BB816C18E213E800FF29A1 /* en */,
			);
			name = InfoPlist.strings;
			sourceTree = "<group>";
		};
		27BB817418E213E800FF29A1 /* Main_iPhone.storyboard */ = {
			isa = PBXVariantGroup;
			children = (
				27BB817518E213E800FF29A1 /* Base */,
			);
			name = Main_iPhone.storyboard;
			sourceTree = "<group>";
		};
		27BB817718E213E800FF29A1 /* Main_iPad.storyboard */ = {
			isa = PBXVariantGroup;
			children = (
				27BB817818E213E800FF29A1 /* Base */,
			);
			name = Main_iPad.storyboard;
			sourceTree = "<group>";
		};
		27BB818D18E213E900FF29A1 /* InfoPlist.strings */ = {
			isa = PBXVariantGroup;
			children = (
				27BB818E18E213E900FF29A1 /* en */,
			);
			name = InfoPlist.strings;
			sourceTree = "<group>";
		};
/* End PBXVariantGroup section */

/* Begin XCBuildConfiguration section */
		27BB819218E213E900FF29A1 /* Debug */ = {
			isa = XCBuildConfiguration;
			buildSettings = {
				ALWAYS_SEARCH_USER_PATHS = NO;
				CLANG_CXX_LANGUAGE_STANDARD = "gnu++0x";
				CLANG_CXX_LIBRARY = "libc++";
				CLANG_ENABLE_MODULES = YES;
				CLANG_ENABLE_OBJC_ARC = YES;
				CLANG_WARN_BOOL_CONVERSION = YES;
				CLANG_WARN_CONSTANT_CONVERSION = YES;
				CLANG_WARN_DIRECT_OBJC_ISA_USAGE = YES_ERROR;
				CLANG_WARN_EMPTY_BODY = YES;
				CLANG_WARN_ENUM_CONVERSION = YES;
				CLANG_WARN_INT_CONVERSION = YES;
				CLANG_WARN_OBJC_ROOT_CLASS = YES_ERROR;
				CLANG_WARN__DUPLICATE_METHOD_MATCH = YES;
				"CODE_SIGN_IDENTITY[sdk=iphoneos*]" = "iPhone Developer";
				COPY_PHASE_STRIP = NO;
				GCC_C_LANGUAGE_STANDARD = gnu99;
				GCC_DYNAMIC_NO_PIC = NO;
				GCC_OPTIMIZATION_LEVEL = 0;
				GCC_PREPROCESSOR_DEFINITIONS = (
					"DEBUG=1",
					"$(inherited)",
				);
				GCC_SYMBOLS_PRIVATE_EXTERN = NO;
				GCC_WARN_64_TO_32_BIT_CONVERSION = YES;
				GCC_WARN_ABOUT_RETURN_TYPE = YES_ERROR;
				GCC_WARN_UNDECLARED_SELECTOR = YES;
				GCC_WARN_UNINITIALIZED_AUTOS = YES_AGGRESSIVE;
				GCC_WARN_UNUSED_FUNCTION = YES;
				GCC_WARN_UNUSED_VARIABLE = YES;
				IPHONEOS_DEPLOYMENT_TARGET = 7.1;
				ONLY_ACTIVE_ARCH = YES;
				SDKROOT = iphoneos;
				TARGETED_DEVICE_FAMILY = "1,2";
			};
			name = Debug;
		};
		27BB819318E213E900FF29A1 /* Release */ = {
			isa = XCBuildConfiguration;
			buildSettings = {
				ALWAYS_SEARCH_USER_PATHS = NO;
				CLANG_CXX_LANGUAGE_STANDARD = "gnu++0x";
				CLANG_CXX_LIBRARY = "libc++";
				CLANG_ENABLE_MODULES = YES;
				CLANG_ENABLE_OBJC_ARC = YES;
				CLANG_WARN_BOOL_CONVERSION = YES;
				CLANG_WARN_CONSTANT_CONVERSION = YES;
				CLANG_WARN_DIRECT_OBJC_ISA_USAGE = YES_ERROR;
				CLANG_WARN_EMPTY_BODY = YES;
				CLANG_WARN_ENUM_CONVERSION = YES;
				CLANG_WARN_INT_CONVERSION = YES;
				CLANG_WARN_OBJC_ROOT_CLASS = YES_ERROR;
				CLANG_WARN__DUPLICATE_METHOD_MATCH = YES;
				"CODE_SIGN_IDENTITY[sdk=iphoneos*]" = "iPhone Developer";
				COPY_PHASE_STRIP = YES;
				ENABLE_NS_ASSERTIONS = NO;
				GCC_C_LANGUAGE_STANDARD = gnu99;
				GCC_WARN_64_TO_32_BIT_CONVERSION = YES;
				GCC_WARN_ABOUT_RETURN_TYPE = YES_ERROR;
				GCC_WARN_UNDECLARED_SELECTOR = YES;
				GCC_WARN_UNINITIALIZED_AUTOS = YES_AGGRESSIVE;
				GCC_WARN_UNUSED_FUNCTION = YES;
				GCC_WARN_UNUSED_VARIABLE = YES;
				IPHONEOS_DEPLOYMENT_TARGET = 7.1;
				SDKROOT = iphoneos;
				TARGETED_DEVICE_FAMILY = "1,2";
				VALIDATE_PRODUCT = YES;
			};
			name = Release;
		};
		27BB819518E213E900FF29A1 /* Debug */ = {
			isa = XCBuildConfiguration;
			buildSettings = {
				ASSETCATALOG_COMPILER_APPICON_NAME = AppIcon;
				ASSETCATALOG_COMPILER_LAUNCHIMAGE_NAME = LaunchImage;
				GCC_PRECOMPILE_PREFIX_HEADER = YES;
				GCC_PREFIX_HEADER = "InspectorExample/InspectorExample-Prefix.pch";
				INFOPLIST_FILE = "InspectorExample/InspectorExample-Info.plist";
				PRODUCT_NAME = "$(TARGET_NAME)";
				WRAPPER_EXTENSION = app;
			};
			name = Debug;
		};
		27BB819618E213E900FF29A1 /* Release */ = {
			isa = XCBuildConfiguration;
			buildSettings = {
				ASSETCATALOG_COMPILER_APPICON_NAME = AppIcon;
				ASSETCATALOG_COMPILER_LAUNCHIMAGE_NAME = LaunchImage;
				GCC_PRECOMPILE_PREFIX_HEADER = YES;
				GCC_PREFIX_HEADER = "InspectorExample/InspectorExample-Prefix.pch";
				INFOPLIST_FILE = "InspectorExample/InspectorExample-Info.plist";
				PRODUCT_NAME = "$(TARGET_NAME)";
				WRAPPER_EXTENSION = app;
			};
			name = Release;
		};
		27BB819818E213E900FF29A1 /* Debug */ = {
			isa = XCBuildConfiguration;
			buildSettings = {
				BUNDLE_LOADER = "$(BUILT_PRODUCTS_DIR)/InspectorExample.app/InspectorExample";
				FRAMEWORK_SEARCH_PATHS = (
					"$(SDKROOT)/Developer/Library/Frameworks",
					"$(inherited)",
					"$(DEVELOPER_FRAMEWORKS_DIR)",
				);
				GCC_PRECOMPILE_PREFIX_HEADER = YES;
				GCC_PREFIX_HEADER = "InspectorExample/InspectorExample-Prefix.pch";
				GCC_PREPROCESSOR_DEFINITIONS = (
					"DEBUG=1",
					"$(inherited)",
				);
				INFOPLIST_FILE = "InspectorExampleTests/InspectorExampleTests-Info.plist";
				PRODUCT_NAME = "$(TARGET_NAME)";
				TEST_HOST = "$(BUNDLE_LOADER)";
				WRAPPER_EXTENSION = xctest;
			};
			name = Debug;
		};
		27BB819918E213E900FF29A1 /* Release */ = {
			isa = XCBuildConfiguration;
			buildSettings = {
				BUNDLE_LOADER = "$(BUILT_PRODUCTS_DIR)/InspectorExample.app/InspectorExample";
				FRAMEWORK_SEARCH_PATHS = (
					"$(SDKROOT)/Developer/Library/Frameworks",
					"$(inherited)",
					"$(DEVELOPER_FRAMEWORKS_DIR)",
				);
				GCC_PRECOMPILE_PREFIX_HEADER = YES;
				GCC_PREFIX_HEADER = "InspectorExample/InspectorExample-Prefix.pch";
				INFOPLIST_FILE = "InspectorExampleTests/InspectorExampleTests-Info.plist";
				PRODUCT_NAME = "$(TARGET_NAME)";
				TEST_HOST = "$(BUNDLE_LOADER)";
				WRAPPER_EXTENSION = xctest;
			};
			name = Release;
		};
/* End XCBuildConfiguration section */

/* Begin XCConfigurationList section */
		27BB815A18E213E800FF29A1 /* Build configuration list for PBXProject "InspectorExample" */ = {
			isa = XCConfigurationList;
			buildConfigurations = (
				27BB819218E213E900FF29A1 /* Debug */,
				27BB819318E213E900FF29A1 /* Release */,
			);
			defaultConfigurationIsVisible = 0;
			defaultConfigurationName = Release;
		};
		27BB819418E213E900FF29A1 /* Build configuration list for PBXNativeTarget "InspectorExample" */ = {
			isa = XCConfigurationList;
			buildConfigurations = (
				27BB819518E213E900FF29A1 /* Debug */,
				27BB819618E213E900FF29A1 /* Release */,
			);
			defaultConfigurationIsVisible = 0;
		};
		27BB819718E213E900FF29A1 /* Build configuration list for PBXNativeTarget "InspectorExampleTests" */ = {
			isa = XCConfigurationList;
			buildConfigurations = (
				27BB819818E213E900FF29A1 /* Debug */,
				27BB819918E213E900FF29A1 /* Release */,
			);
			defaultConfigurationIsVisible = 0;
		};
/* End XCConfigurationList section */
	};
	rootObject = 27BB815718E213E800FF29A1 /* Project object */;
}
